
Microsoft Visual Studio Solution File, Format Version 12.00
Project("{FAE04EC0-301F-11D3-BF4B-00C04F79EFBC}") = "Endpoint", "Endpoint\Endpoint.csproj", "{4AF7D0A1-DF76-4457-AD12-8412C661240B}"
EndProject
Project("{FAE04EC0-301F-11D3-BF4B-00C04F79EFBC}") = "Consumers", "Consumers\Consumers.csproj", "{DFE4C93B-2F9B-4AF9-A72A-D39A3107FD5F}"
EndProject
Project("{FAE04EC0-301F-11D3-BF4B-00C04F79EFBC}") = "Domain", "Domain\Domain.csproj", "{A7CB7669-D1CB-463F-A665-A6B4238A2893}"
EndProject
Project("{FAE04EC0-301F-11D3-BF4B-00C04F79EFBC}") = "GrpcServices", "GrpcServices\GrpcServices.csproj", "{F07282B3-ABFC-4128-AB49-CCC78F96E908}"
EndProject
Project("{FAE04EC0-301F-11D3-BF4B-00C04F79EFBC}") = "Application", "Application\Application.csproj", "{11394B9E-9191-4C5F-8D37-AC6A2297A8A0}"
EndProject
Project("{FAE04EC0-301F-11D3-BF4B-00C04F79EFBC}") = "Redis", "Redis\Redis.csproj", "{8DA8B3D6-ADA6-4916-92CB-637580E5ACBB}"
EndProject
Project("{FAE04EC0-301F-11D3-BF4B-00C04F79EFBC}") = "Serializator", "Serializator\Serializator.csproj", "{F0A34AE2-4B4E-4AD5-ACEF-91E0CE0F9598}"
EndProject
Project("{FAE04EC0-301F-11D3-BF4B-00C04F79EFBC}") = "Options", "Options\Options.csproj", "{1C51AFCC-7CF4-4C64-AEC5-CB245948C3AD}"
EndProject
Project("{FAE04EC0-301F-11D3-BF4B-00C04F79EFBC}") = "CronJob", "CronJob\CronJob.csproj", "{0AEF3468-49F3-4BDD-8D23-20C12BFAA796}"
EndProject
Project("{FAE04EC0-301F-11D3-BF4B-00C04F79EFBC}") = "Migration", "Migration\Migration.csproj", "{C925E64A-3874-4E58-91CA-C28B94EC5372}"
EndProject
Project("{FAE04EC0-301F-11D3-BF4B-00C04F79EFBC}") = "Postgres", "Postgres\Postgres.csproj", "{FEAB6BC2-3BDE-4729-90D3-249ABFCD4F7D}"
EndProject
Global
	GlobalSection(SolutionConfigurationPlatforms) = preSolution
		Debug|Any CPU = Debug|Any CPU
		Release|Any CPU = Release|Any CPU
	EndGlobalSection
	GlobalSection(ProjectConfigurationPlatforms) = postSolution
		{4AF7D0A1-DF76-4457-AD12-8412C661240B}.Debug|Any CPU.ActiveCfg = Debug|Any CPU
		{4AF7D0A1-DF76-4457-AD12-8412C661240B}.Debug|Any CPU.Build.0 = Debug|Any CPU
		{4AF7D0A1-DF76-4457-AD12-8412C661240B}.Release|Any CPU.ActiveCfg = Release|Any CPU
		{4AF7D0A1-DF76-4457-AD12-8412C661240B}.Release|Any CPU.Build.0 = Release|Any CPU
		{DFE4C93B-2F9B-4AF9-A72A-D39A3107FD5F}.Debug|Any CPU.ActiveCfg = Debug|Any CPU
		{DFE4C93B-2F9B-4AF9-A72A-D39A3107FD5F}.Debug|Any CPU.Build.0 = Debug|Any CPU
		{DFE4C93B-2F9B-4AF9-A72A-D39A3107FD5F}.Release|Any CPU.ActiveCfg = Release|Any CPU
		{DFE4C93B-2F9B-4AF9-A72A-D39A3107FD5F}.Release|Any CPU.Build.0 = Release|Any CPU
		{A7CB7669-D1CB-463F-A665-A6B4238A2893}.Debug|Any CPU.ActiveCfg = Debug|Any CPU
		{A7CB7669-D1CB-463F-A665-A6B4238A2893}.Debug|Any CPU.Build.0 = Debug|Any CPU
		{A7CB7669-D1CB-463F-A665-A6B4238A2893}.Release|Any CPU.ActiveCfg = Release|Any CPU
		{A7CB7669-D1CB-463F-A665-A6B4238A2893}.Release|Any CPU.Build.0 = Release|Any CPU
		{F07282B3-ABFC-4128-AB49-CCC78F96E908}.Debug|Any CPU.ActiveCfg = Debug|Any CPU
		{F07282B3-ABFC-4128-AB49-CCC78F96E908}.Debug|Any CPU.Build.0 = Debug|Any CPU
		{F07282B3-ABFC-4128-AB49-CCC78F96E908}.Release|Any CPU.ActiveCfg = Release|Any CPU
		{F07282B3-ABFC-4128-AB49-CCC78F96E908}.Release|Any CPU.Build.0 = Release|Any CPU
		{11394B9E-9191-4C5F-8D37-AC6A2297A8A0}.Debug|Any CPU.ActiveCfg = Debug|Any CPU
		{11394B9E-9191-4C5F-8D37-AC6A2297A8A0}.Debug|Any CPU.Build.0 = Debug|Any CPU
		{11394B9E-9191-4C5F-8D37-AC6A2297A8A0}.Release|Any CPU.ActiveCfg = Release|Any CPU
		{11394B9E-9191-4C5F-8D37-AC6A2297A8A0}.Release|Any CPU.Build.0 = Release|Any CPU
		{8DA8B3D6-ADA6-4916-92CB-637580E5ACBB}.Debug|Any CPU.ActiveCfg = Debug|Any CPU
		{8DA8B3D6-ADA6-4916-92CB-637580E5ACBB}.Debug|Any CPU.Build.0 = Debug|Any CPU
		{8DA8B3D6-ADA6-4916-92CB-637580E5ACBB}.Release|Any CPU.ActiveCfg = Release|Any CPU
		{8DA8B3D6-ADA6-4916-92CB-637580E5ACBB}.Release|Any CPU.Build.0 = Release|Any CPU
		{F0A34AE2-4B4E-4AD5-ACEF-91E0CE0F9598}.Debug|Any CPU.ActiveCfg = Debug|Any CPU
		{F0A34AE2-4B4E-4AD5-ACEF-91E0CE0F9598}.Debug|Any CPU.Build.0 = Debug|Any CPU
		{F0A34AE2-4B4E-4AD5-ACEF-91E0CE0F9598}.Release|Any CPU.ActiveCfg = Release|Any CPU
		{F0A34AE2-4B4E-4AD5-ACEF-91E0CE0F9598}.Release|Any CPU.Build.0 = Release|Any CPU
		{1C51AFCC-7CF4-4C64-AEC5-CB245948C3AD}.Debug|Any CPU.ActiveCfg = Debug|Any CPU
		{1C51AFCC-7CF4-4C64-AEC5-CB245948C3AD}.Debug|Any CPU.Build.0 = Debug|Any CPU
		{1C51AFCC-7CF4-4C64-AEC5-CB245948C3AD}.Release|Any CPU.ActiveCfg = Release|Any CPU
		{1C51AFCC-7CF4-4C64-AEC5-CB245948C3AD}.Release|Any CPU.Build.0 = Release|Any CPU
		{0AEF3468-49F3-4BDD-8D23-20C12BFAA796}.Debug|Any CPU.ActiveCfg = Debug|Any CPU
		{0AEF3468-49F3-4BDD-8D23-20C12BFAA796}.Debug|Any CPU.Build.0 = Debug|Any CPU
		{0AEF3468-49F3-4BDD-8D23-20C12BFAA796}.Release|Any CPU.ActiveCfg = Release|Any CPU
		{0AEF3468-49F3-4BDD-8D23-20C12BFAA796}.Release|Any CPU.Build.0 = Release|Any CPU
		{C925E64A-3874-4E58-91CA-C28B94EC5372}.Debug|Any CPU.ActiveCfg = Debug|Any CPU
		{C925E64A-3874-4E58-91CA-C28B94EC5372}.Debug|Any CPU.Build.0 = Debug|Any CPU
		{C925E64A-3874-4E58-91CA-C28B94EC5372}.Release|Any CPU.ActiveCfg = Release|Any CPU
		{C925E64A-3874-4E58-91CA-C28B94EC5372}.Release|Any CPU.Build.0 = Release|Any CPU
		{FEAB6BC2-3BDE-4729-90D3-249ABFCD4F7D}.Debug|Any CPU.ActiveCfg = Debug|Any CPU
		{FEAB6BC2-3BDE-4729-90D3-249ABFCD4F7D}.Debug|Any CPU.Build.0 = Debug|Any CPU
		{FEAB6BC2-3BDE-4729-90D3-249ABFCD4F7D}.Release|Any CPU.ActiveCfg = Release|Any CPU
		{FEAB6BC2-3BDE-4729-90D3-249ABFCD4F7D}.Release|Any CPU.Build.0 = Release|Any CPU
	EndGlobalSection
EndGlobal
